PODS:
  - DVNTAlertManager (1.2.4):
    - DVNTStringExtension (~> 1.0.6)
    - DVNTUIWindowExtension (~> 1.0.6)
  - DVNTStoreKitManager (1.2.0):
    - DVNTAlertManager (~> 1.2.4)
    - SwiftyReceiptValidator (~> 6.4.0)
  - DVNTStringExtension (1.0.6)
  - DVNTUIWindowExtension (1.0.6)
  - SwiftyReceiptValidator (6.4.0)

DEPENDENCIES:
  - DVNTStoreKitManager (from `../`)

SPEC REPOS:
  https://bitbucket.org/Devinet_Team/ios-pod-repo.git:
    - DVNTAlertManager
    - DVNTStringExtension
    - DVNTUIWindowExtension
  https://github.com/CocoaPods/Specs.git:
    - SwiftyReceiptValidator

EXTERNAL SOURCES:
  DVNTStoreKitManager:
    :path: "../"

SPEC CHECKSUMS:
  DVNTAlertManager: 9f599effbaf6ecad55fa93ef2b9385718ea97a46
  DVNTStoreKitManager: 0c51725c48365c408f53cd908429f0ca0b19ac65
  DVNTStringExtension: 55d7b68da9bd0b1aa00d80fc91a1d0c0ecb890e3
  DVNTUIWindowExtension: 9feb16327d7311a01998bb1e4aee7cfee6e8e8f0
  SwiftyReceiptValidator: b870775ccaf5369d3ae5afc97d3be7c646b4dd5f

PODFILE CHECKSUM: dd6c45cadef80cc96414616d024aa4adb4129449

COCOAPODS: 1.11.2
