{
  "object": {
    "pins": [
      {
        "package": "DVNTAlertManager",
        "repositoryURL": "https://bitbucket.org/Devinet_Team/ios-library-dvntalertmanager",
        "state": {
          "branch": null,
          "revision": "6c7683df9ae1c41914d2f3ae732a4eafd28af922",
          "version": "1.2.9"
        }
      },
      {
        "package": "DVNTStringExtension",
        "repositoryURL": "https://bitbucket.org/Devinet_Team/ios-library-dvntstringextension",
        "state": {
          "branch": null,
          "revision": "42f373a66e49d2c45d9f5c1e3c50e54eba744865",
          "version": "1.1.2"
        }
      },
      {
        "package": "DVNTUIWindowExtension",
        "repositoryURL": "https://bitbucket.org/Devinet_Team/ios-library-dvntuiwindowextension",
        "state": {
          "branch": null,
          "revision": "a2933470841da01402b182f40bc58a6f668f8a3f",
          "version": "1.0.6"
        }
      },
      {
        "package": "SwiftyReceiptValidator",
        "repositoryURL": "https://github.com/crashoverride777/swifty-receipt-validator.git",
        "state": {
          "branch": null,
          "revision": "bfb00ad3a88164130877a2c18e4e6b3d04dc3c02",
          "version": "6.4.0"
        }
      }
    ]
  },
  "version": 1
}
